
Microsoft Visual Studio Solution File, Format Version 12.00
# Visual Studio Version 17
VisualStudioVersion = 17.7.34031.279
MinimumVisualStudioVersion = 10.0.40219.1
Project("{FAE04EC0-301F-11D3-BF4B-00C04F79EFBC}") = "EmbedWidgetwithSSOusingToken", "EmbedWidgetwithSSOusingToken\EmbedWidgetwithSSOusingToken.csproj", "{1482C894-166B-406B-818A-32693C95817E}"
EndProject
Global
	GlobalSection(SolutionConfigurationPlatforms) = preSolution
		Debug|Any CPU = Debug|Any CPU
		Release|Any CPU = Release|Any CPU
	EndGlobalSection
	GlobalSection(ProjectConfigurationPlatforms) = postSolution
		{1482C894-166B-406B-818A-32693C95817E}.Debug|Any CPU.ActiveCfg = Debug|Any CPU
		{1482C894-166B-406B-818A-32693C95817E}.Debug|Any CPU.Build.0 = Debug|Any CPU
		{1482C894-166B-406B-818A-32693C95817E}.Release|Any CPU.ActiveCfg = Release|Any CPU
		{1482C894-166B-406B-818A-32693C95817E}.Release|Any CPU.Build.0 = Release|Any CPU
	EndGlobalSection
	GlobalSection(SolutionProperties) = preSolution
		HideSolutionNode = FALSE
	EndGlobalSection
	GlobalSection(ExtensibilityGlobals) = postSolution
		SolutionGuid = {33B8FA98-4D5D-470A-B3F4-C0BF32226AF8}
	EndGlobalSection
EndGlobal
